Microsoft Visual Studio Solution File, Format Version 12.00
Project("{FAE04EC0-301F-11D3-BF4B-00C04F79EFBC}") = "MusicRecommendationService", "MusicRecommendationService\MusicRecommendationService.csproj", "{A5E67D81-6CC7-85B6-05A9-AAB91725B563}"
EndProject
Project("{FAE04EC0-301F-11D3-BF4B-00C04F79EFBC}") = "MusicRecommendationService.Tests", "MusicRecommendationService.Tests\MusicRecommendationService.Tests.csproj", "{B4E67D82-7DD8-96C7-16B0-BCDA2836C674}"
EndProject
Global
	GlobalSection(SolutionConfigurationPlatforms) = preSolution
		Debug|Any CPU = Debug|Any CPU
		Release|Any CPU = Release|Any CPU
	EndGlobalSection
	GlobalSection(ProjectConfigurationPlatforms) = postSolution
		{A5E67D81-6CC7-85B6-05A9-AAB91725B563}.Debug|Any CPU.ActiveCfg = Debug|Any CPU
		{A5E67D81-6CC7-85B6-05A9-AAB91725B563}.Debug|Any CPU.Build.0 = Debug|Any CPU
		{A5E67D81-6CC7-85B6-05A9-AAB91725B563}.Release|Any CPU.ActiveCfg = Release|Any CPU
		{A5E67D81-6CC7-85B6-05A9-AAB91725B563}.Release|Any CPU.Build.0 = Release|Any CPU
		{B4E67D82-7DD8-96C7-16B0-BCDA2836C674}.Debug|Any CPU.ActiveCfg = Debug|Any CPU
		{B4E67D82-7DD8-96C7-16B0-BCDA2836C674}.Debug|Any CPU.Build.0 = Debug|Any CPU
		{B4E67D82-7DD8-96C7-16B0-BCDA2836C674}.Release|Any CPU.ActiveCfg = Release|Any CPU
		{B4E67D82-7DD8-96C7-16B0-BCDA2836C674}.Release|Any CPU.Build.0 = Release|Any CPU
	EndGlobalSection
EndGlobal
